
Microsoft Visual Studio Solution File, Format Version 12.00
# Visual Studio 15
VisualStudioVersion = 15.0.27004.2005
MinimumVisualStudioVersion = 10.0.40219.1
Project("{9A19103F-16F7-4668-BE54-9A1E7A4F7556}") = "Ranking.Api", "Ranking.Api\Ranking.Api.csproj", "{54542FCA-627C-47AF-984A-B9AD79770534}"
EndProject
Project("{9A19103F-16F7-4668-BE54-9A1E7A4F7556}") = "Ranking.Services", "Ranking.Services\Ranking.Services.csproj", "{873C1FD7-AEF2-4BFF-B28B-5F270F0F2410}"
EndProject
Project("{9A19103F-16F7-4668-BE54-9A1E7A4F7556}") = "Ranking.Web", "Ranking.Web\Ranking.Web.csproj", "{6C72CDFD-1014-44E5-B1F8-F54D2638A4DC}"
EndProject
Project("{00D1A9C2-B5F0-4AF3-8072-F6C62B433612}") = "Ranking.DB", "Ranking.DB\Ranking.DB.sqlproj", "{EDEF8A21-451F-402E-853A-4530002C1086}"
EndProject
Project("{9A19103F-16F7-4668-BE54-9A1E7A4F7556}") = "Ranking.Models", "Ranking.Models\Ranking.Models.csproj", "{CE369C91-AB45-45D5-8486-212C23AB5868}"
EndProject
Project("{9A19103F-16F7-4668-BE54-9A1E7A4F7556}") = "Ranking.Tests", "Ranking.Tests\Ranking.Tests.csproj", "{CE2081C1-1E62-438C-9DF2-FF6E685C49F1}"
EndProject
Project("{9A19103F-16F7-4668-BE54-9A1E7A4F7556}") = "Ranking.DataProviders", "Ranking.DataProviders\Ranking.DataProviders.csproj", "{963F5A0B-EB32-4AFE-8BE4-C777712ED954}"
EndProject
Project("{FAE04EC0-301F-11D3-BF4B-00C04F79EFBC}") = "TestDataGenerator", "TestDataGenerator\TestDataGenerator.csproj", "{6C9145E3-E60A-49CF-BEBC-C6BBF1918C68}"
EndProject
Global
	GlobalSection(SolutionConfigurationPlatforms) = preSolution
		Debug|Any CPU = Debug|Any CPU
		Release|Any CPU = Release|Any CPU
	EndGlobalSection
	GlobalSection(ProjectConfigurationPlatforms) = postSolution
		{54542FCA-627C-47AF-984A-B9AD79770534}.Debug|Any CPU.ActiveCfg = Debug|Any CPU
		{54542FCA-627C-47AF-984A-B9AD79770534}.Debug|Any CPU.Build.0 = Debug|Any CPU
		{54542FCA-627C-47AF-984A-B9AD79770534}.Release|Any CPU.ActiveCfg = Release|Any CPU
		{54542FCA-627C-47AF-984A-B9AD79770534}.Release|Any CPU.Build.0 = Release|Any CPU
		{873C1FD7-AEF2-4BFF-B28B-5F270F0F2410}.Debug|Any CPU.ActiveCfg = Debug|Any CPU
		{873C1FD7-AEF2-4BFF-B28B-5F270F0F2410}.Debug|Any CPU.Build.0 = Debug|Any CPU
		{873C1FD7-AEF2-4BFF-B28B-5F270F0F2410}.Release|Any CPU.ActiveCfg = Release|Any CPU
		{873C1FD7-AEF2-4BFF-B28B-5F270F0F2410}.Release|Any CPU.Build.0 = Release|Any CPU
		{6C72CDFD-1014-44E5-B1F8-F54D2638A4DC}.Debug|Any CPU.ActiveCfg = Debug|Any CPU
		{6C72CDFD-1014-44E5-B1F8-F54D2638A4DC}.Debug|Any CPU.Build.0 = Debug|Any CPU
		{6C72CDFD-1014-44E5-B1F8-F54D2638A4DC}.Release|Any CPU.ActiveCfg = Release|Any CPU
		{6C72CDFD-1014-44E5-B1F8-F54D2638A4DC}.Release|Any CPU.Build.0 = Release|Any CPU
		{EDEF8A21-451F-402E-853A-4530002C1086}.Debug|Any CPU.ActiveCfg = Debug|Any CPU
		{EDEF8A21-451F-402E-853A-4530002C1086}.Debug|Any CPU.Build.0 = Debug|Any CPU
		{EDEF8A21-451F-402E-853A-4530002C1086}.Debug|Any CPU.Deploy.0 = Debug|Any CPU
		{EDEF8A21-451F-402E-853A-4530002C1086}.Release|Any CPU.ActiveCfg = Release|Any CPU
		{EDEF8A21-451F-402E-853A-4530002C1086}.Release|Any CPU.Build.0 = Release|Any CPU
		{EDEF8A21-451F-402E-853A-4530002C1086}.Release|Any CPU.Deploy.0 = Release|Any CPU
		{CE369C91-AB45-45D5-8486-212C23AB5868}.Debug|Any CPU.ActiveCfg = Debug|Any CPU
		{CE369C91-AB45-45D5-8486-212C23AB5868}.Debug|Any CPU.Build.0 = Debug|Any CPU
		{CE369C91-AB45-45D5-8486-212C23AB5868}.Release|Any CPU.ActiveCfg = Release|Any CPU
		{CE369C91-AB45-45D5-8486-212C23AB5868}.Release|Any CPU.Build.0 = Release|Any CPU
		{CE2081C1-1E62-438C-9DF2-FF6E685C49F1}.Debug|Any CPU.ActiveCfg = Debug|Any CPU
		{CE2081C1-1E62-438C-9DF2-FF6E685C49F1}.Debug|Any CPU.Build.0 = Debug|Any CPU
		{CE2081C1-1E62-438C-9DF2-FF6E685C49F1}.Release|Any CPU.ActiveCfg = Release|Any CPU
		{CE2081C1-1E62-438C-9DF2-FF6E685C49F1}.Release|Any CPU.Build.0 = Release|Any CPU
		{963F5A0B-EB32-4AFE-8BE4-C777712ED954}.Debug|Any CPU.ActiveCfg = Debug|Any CPU
		{963F5A0B-EB32-4AFE-8BE4-C777712ED954}.Debug|Any CPU.Build.0 = Debug|Any CPU
		{963F5A0B-EB32-4AFE-8BE4-C777712ED954}.Release|Any CPU.ActiveCfg = Release|Any CPU
		{963F5A0B-EB32-4AFE-8BE4-C777712ED954}.Release|Any CPU.Build.0 = Release|Any CPU
		{6C9145E3-E60A-49CF-BEBC-C6BBF1918C68}.Debug|Any CPU.ActiveCfg = Debug|Any CPU
		{6C9145E3-E60A-49CF-BEBC-C6BBF1918C68}.Debug|Any CPU.Build.0 = Debug|Any CPU
		{6C9145E3-E60A-49CF-BEBC-C6BBF1918C68}.Release|Any CPU.ActiveCfg = Release|Any CPU
		{6C9145E3-E60A-49CF-BEBC-C6BBF1918C68}.Release|Any CPU.Build.0 = Release|Any CPU
	EndGlobalSection
	GlobalSection(SolutionProperties) = preSolution
		HideSolutionNode = FALSE
	EndGlobalSection
	GlobalSection(ExtensibilityGlobals) = postSolution
		SolutionGuid = {CD529ED2-4320-4356-953D-4E2A18E9FA57}
	EndGlobalSection
EndGlobal
